
Microsoft Visual Studio Solution File, Format Version 12.00
# Visual Studio Version 16
VisualStudioVersion = 16.0.29926.136
MinimumVisualStudioVersion = 15.0.26124.0
Project("{2150E333-8FDC-42A3-9474-1A3956D46DE8}") = "Services", "Services", "{8C7EB500-C813-4CB9-B389-E9ABDE9E1933}"
EndProject
Project("{2150E333-8FDC-42A3-9474-1A3956D46DE8}") = "Catalogo", "Catalogo", "{CEEFA355-452A-4C58-9EF1-92CDB7602D65}"
EndProject
Project("{9A19103F-16F7-4668-BE54-9A1E7A4F7556}") = "NerdStore.Catalogo.Domain", "src\NerdStore.Catalogo.Domain\NerdStore.Catalogo.Domain.csproj", "{E512732E-36D3-4D6A-978D-9EC32731EC4F}"
EndProject
Project("{2150E333-8FDC-42A3-9474-1A3956D46DE8}") = "Core", "Core", "{2EF8DEB3-BCDA-4EB4-9ECD-30881783A627}"
EndProject
Project("{9A19103F-16F7-4668-BE54-9A1E7A4F7556}") = "NerdStore.Core", "src\NerdStore.Core\NerdStore.Core.csproj", "{70D21FA9-B5E5-4C67-AEA7-A9D3E41BE739}"
EndProject
Project("{2150E333-8FDC-42A3-9474-1A3956D46DE8}") = "Tests", "Tests", "{B3FCF01B-A3CC-4938-BF60-4BEA8977EC34}"
EndProject
Project("{9A19103F-16F7-4668-BE54-9A1E7A4F7556}") = "NerdStore.Catalogo.Domain.Tests", "tests\NerdStore.Catalogo.Domain.Tests\NerdStore.Catalogo.Domain.Tests.csproj", "{686943B3-68CA-46C5-BA89-31067FD0974B}"
EndProject
Project("{9A19103F-16F7-4668-BE54-9A1E7A4F7556}") = "NerdStore.Catalogo.Data", "src\NerdStore.Catalogo.Data\NerdStore.Catalogo.Data.csproj", "{D778171C-A21D-4743-B616-5077F705AFA6}"
EndProject
Project("{2150E333-8FDC-42A3-9474-1A3956D46DE8}") = "Fiscal", "Fiscal", "{DD67F3FF-CD8D-4E8B-A80C-CDB00D3D9039}"
EndProject
Project("{2150E333-8FDC-42A3-9474-1A3956D46DE8}") = "Pagamentos", "Pagamentos", "{E43C7681-6C70-4036-A0F9-B41F56D79D84}"
EndProject
Project("{2150E333-8FDC-42A3-9474-1A3956D46DE8}") = "Vendas", "Vendas", "{FA366A02-55E4-47D8-9133-D2FB8F9BBEC7}"
EndProject
Project("{2150E333-8FDC-42A3-9474-1A3956D46DE8}") = "Cadastros", "Cadastros", "{13FCF490-612F-4223-93D2-F1EAC7CF5955}"
EndProject
Project("{2150E333-8FDC-42A3-9474-1A3956D46DE8}") = "WebApps", "WebApps", "{AF879C78-9F53-44DB-A4B6-81A532DFBA51}"
EndProject
Project("{9A19103F-16F7-4668-BE54-9A1E7A4F7556}") = "NerdStore.Catalogo.Application", "src\NerdStore.Catalogo.Application\NerdStore.Catalogo.Application.csproj", "{ABABAA6A-099C-4BC1-BC84-89FCAABBFB25}"
EndProject
Project("{9A19103F-16F7-4668-BE54-9A1E7A4F7556}") = "NerdStore.WebApp.MVC", "src\NerdStore.WebApp.MVC\NerdStore.WebApp.MVC.csproj", "{1A4216F2-8919-432F-A46D-284AEC3B6459}"
EndProject
Project("{9A19103F-16F7-4668-BE54-9A1E7A4F7556}") = "NerdStore.Vendas.Domain", "src\NerdStore.Vendas.Domain\NerdStore.Vendas.Domain.csproj", "{6864379A-DE2F-43AE-A758-C1061DBFBB80}"
EndProject
Project("{9A19103F-16F7-4668-BE54-9A1E7A4F7556}") = "NerdStore.Vendas.Application", "src\NerdStore.Vendas.Application\NerdStore.Vendas.Application.csproj", "{720B06B5-F768-4A4F-BEED-65BBECCDA171}"
EndProject
Project("{9A19103F-16F7-4668-BE54-9A1E7A4F7556}") = "NerdStore.Vendas.Data", "src\NerdStore.Vendas.Data\NerdStore.Vendas.Data.csproj", "{3B074F46-E054-4406-A0B8-8C4F7A7B0E73}"
EndProject
Project("{FAE04EC0-301F-11D3-BF4B-00C04F79EFBC}") = "NerdStore.Pagamentos.AntiCorruption", "src\NerdStore.Pagamentos.AntiCorruption\NerdStore.Pagamentos.AntiCorruption.csproj", "{7347203E-6CC8-4C82-8E74-9A58D8E536BC}"
EndProject
Project("{FAE04EC0-301F-11D3-BF4B-00C04F79EFBC}") = "NerdStore.Pagamentos.Data", "src\NerdStore.Pagamentos.Data\NerdStore.Pagamentos.Data.csproj", "{A16973D1-9E24-463B-9231-FBBC5B5486CE}"
EndProject
Project("{FAE04EC0-301F-11D3-BF4B-00C04F79EFBC}") = "NerdStore.Pagamentos.Business", "src\NerdStore.Pagamentos.Business\NerdStore.Pagamentos.Business.csproj", "{F93B1C56-05FF-4B08-ACC2-6B1FDD2D11AD}"
EndProject
Global
	GlobalSection(SolutionConfigurationPlatforms) = preSolution
		Debug|Any CPU = Debug|Any CPU
		Debug|x64 = Debug|x64
		Debug|x86 = Debug|x86
		Release|Any CPU = Release|Any CPU
		Release|x64 = Release|x64
		Release|x86 = Release|x86
	EndGlobalSection
	GlobalSection(ProjectConfigurationPlatforms) = postSolution
		{E512732E-36D3-4D6A-978D-9EC32731EC4F}.Debug|Any CPU.ActiveCfg = Debug|Any CPU
		{E512732E-36D3-4D6A-978D-9EC32731EC4F}.Debug|Any CPU.Build.0 = Debug|Any CPU
		{E512732E-36D3-4D6A-978D-9EC32731EC4F}.Debug|x64.ActiveCfg = Debug|Any CPU
		{E512732E-36D3-4D6A-978D-9EC32731EC4F}.Debug|x64.Build.0 = Debug|Any CPU
		{E512732E-36D3-4D6A-978D-9EC32731EC4F}.Debug|x86.ActiveCfg = Debug|Any CPU
		{E512732E-36D3-4D6A-978D-9EC32731EC4F}.Debug|x86.Build.0 = Debug|Any CPU
		{E512732E-36D3-4D6A-978D-9EC32731EC4F}.Release|Any CPU.ActiveCfg = Release|Any CPU
		{E512732E-36D3-4D6A-978D-9EC32731EC4F}.Release|Any CPU.Build.0 = Release|Any CPU
		{E512732E-36D3-4D6A-978D-9EC32731EC4F}.Release|x64.ActiveCfg = Release|Any CPU
		{E512732E-36D3-4D6A-978D-9EC32731EC4F}.Release|x64.Build.0 = Release|Any CPU
		{E512732E-36D3-4D6A-978D-9EC32731EC4F}.Release|x86.ActiveCfg = Release|Any CPU
		{E512732E-36D3-4D6A-978D-9EC32731EC4F}.Release|x86.Build.0 = Release|Any CPU
		{70D21FA9-B5E5-4C67-AEA7-A9D3E41BE739}.Debug|Any CPU.ActiveCfg = Debug|Any CPU
		{70D21FA9-B5E5-4C67-AEA7-A9D3E41BE739}.Debug|Any CPU.Build.0 = Debug|Any CPU
		{70D21FA9-B5E5-4C67-AEA7-A9D3E41BE739}.Debug|x64.ActiveCfg = Debug|Any CPU
		{70D21FA9-B5E5-4C67-AEA7-A9D3E41BE739}.Debug|x64.Build.0 = Debug|Any CPU
		{70D21FA9-B5E5-4C67-AEA7-A9D3E41BE739}.Debug|x86.ActiveCfg = Debug|Any CPU
		{70D21FA9-B5E5-4C67-AEA7-A9D3E41BE739}.Debug|x86.Build.0 = Debug|Any CPU
		{70D21FA9-B5E5-4C67-AEA7-A9D3E41BE739}.Release|Any CPU.ActiveCfg = Release|Any CPU
		{70D21FA9-B5E5-4C67-AEA7-A9D3E41BE739}.Release|Any CPU.Build.0 = Release|Any CPU
		{70D21FA9-B5E5-4C67-AEA7-A9D3E41BE739}.Release|x64.ActiveCfg = Release|Any CPU
		{70D21FA9-B5E5-4C67-AEA7-A9D3E41BE739}.Release|x64.Build.0 = Release|Any CPU
		{70D21FA9-B5E5-4C67-AEA7-A9D3E41BE739}.Release|x86.ActiveCfg = Release|Any CPU
		{70D21FA9-B5E5-4C67-AEA7-A9D3E41BE739}.Release|x86.Build.0 = Release|Any CPU
		{686943B3-68CA-46C5-BA89-31067FD0974B}.Debug|Any CPU.ActiveCfg = Debug|Any CPU
		{686943B3-68CA-46C5-BA89-31067FD0974B}.Debug|Any CPU.Build.0 = Debug|Any CPU
		{686943B3-68CA-46C5-BA89-31067FD0974B}.Debug|x64.ActiveCfg = Debug|Any CPU
		{686943B3-68CA-46C5-BA89-31067FD0974B}.Debug|x64.Build.0 = Debug|Any CPU
		{686943B3-68CA-46C5-BA89-31067FD0974B}.Debug|x86.ActiveCfg = Debug|Any CPU
		{686943B3-68CA-46C5-BA89-31067FD0974B}.Debug|x86.Build.0 = Debug|Any CPU
		{686943B3-68CA-46C5-BA89-31067FD0974B}.Release|Any CPU.ActiveCfg = Release|Any CPU
		{686943B3-68CA-46C5-BA89-31067FD0974B}.Release|Any CPU.Build.0 = Release|Any CPU
		{686943B3-68CA-46C5-BA89-31067FD0974B}.Release|x64.ActiveCfg = Release|Any CPU
		{686943B3-68CA-46C5-BA89-31067FD0974B}.Release|x64.Build.0 = Release|Any CPU
		{686943B3-68CA-46C5-BA89-31067FD0974B}.Release|x86.ActiveCfg = Release|Any CPU
		{686943B3-68CA-46C5-BA89-31067FD0974B}.Release|x86.Build.0 = Release|Any CPU
		{D778171C-A21D-4743-B616-5077F705AFA6}.Debug|Any CPU.ActiveCfg = Debug|Any CPU
		{D778171C-A21D-4743-B616-5077F705AFA6}.Debug|Any CPU.Build.0 = Debug|Any CPU
		{D778171C-A21D-4743-B616-5077F705AFA6}.Debug|x64.ActiveCfg = Debug|Any CPU
		{D778171C-A21D-4743-B616-5077F705AFA6}.Debug|x64.Build.0 = Debug|Any CPU
		{D778171C-A21D-4743-B616-5077F705AFA6}.Debug|x86.ActiveCfg = Debug|Any CPU
		{D778171C-A21D-4743-B616-5077F705AFA6}.Debug|x86.Build.0 = Debug|Any CPU
		{D778171C-A21D-4743-B616-5077F705AFA6}.Release|Any CPU.ActiveCfg = Release|Any CPU
		{D778171C-A21D-4743-B616-5077F705AFA6}.Release|Any CPU.Build.0 = Release|Any CPU
		{D778171C-A21D-4743-B616-5077F705AFA6}.Release|x64.ActiveCfg = Release|Any CPU
		{D778171C-A21D-4743-B616-5077F705AFA6}.Release|x64.Build.0 = Release|Any CPU
		{D778171C-A21D-4743-B616-5077F705AFA6}.Release|x86.ActiveCfg = Release|Any CPU
		{D778171C-A21D-4743-B616-5077F705AFA6}.Release|x86.Build.0 = Release|Any CPU
		{ABABAA6A-099C-4BC1-BC84-89FCAABBFB25}.Debug|Any CPU.ActiveCfg = Debug|Any CPU
		{ABABAA6A-099C-4BC1-BC84-89FCAABBFB25}.Debug|Any CPU.Build.0 = Debug|Any CPU
		{ABABAA6A-099C-4BC1-BC84-89FCAABBFB25}.Debug|x64.ActiveCfg = Debug|Any CPU
		{ABABAA6A-099C-4BC1-BC84-89FCAABBFB25}.Debug|x64.Build.0 = Debug|Any CPU
		{ABABAA6A-099C-4BC1-BC84-89FCAABBFB25}.Debug|x86.ActiveCfg = Debug|Any CPU
		{ABABAA6A-099C-4BC1-BC84-89FCAABBFB25}.Debug|x86.Build.0 = Debug|Any CPU
		{ABABAA6A-099C-4BC1-BC84-89FCAABBFB25}.Release|Any CPU.ActiveCfg = Release|Any CPU
		{ABABAA6A-099C-4BC1-BC84-89FCAABBFB25}.Release|Any CPU.Build.0 = Release|Any CPU
		{ABABAA6A-099C-4BC1-BC84-89FCAABBFB25}.Release|x64.ActiveCfg = Release|Any CPU
		{ABABAA6A-099C-4BC1-BC84-89FCAABBFB25}.Release|x64.Build.0 = Release|Any CPU
		{ABABAA6A-099C-4BC1-BC84-89FCAABBFB25}.Release|x86.ActiveCfg = Release|Any CPU
		{ABABAA6A-099C-4BC1-BC84-89FCAABBFB25}.Release|x86.Build.0 = Release|Any CPU
		{1A4216F2-8919-432F-A46D-284AEC3B6459}.Debug|Any CPU.ActiveCfg = Debug|Any CPU
		{1A4216F2-8919-432F-A46D-284AEC3B6459}.Debug|Any CPU.Build.0 = Debug|Any CPU
		{1A4216F2-8919-432F-A46D-284AEC3B6459}.Debug|x64.ActiveCfg = Debug|Any CPU
		{1A4216F2-8919-432F-A46D-284AEC3B6459}.Debug|x64.Build.0 = Debug|Any CPU
		{1A4216F2-8919-432F-A46D-284AEC3B6459}.Debug|x86.ActiveCfg = Debug|Any CPU
		{1A4216F2-8919-432F-A46D-284AEC3B6459}.Debug|x86.Build.0 = Debug|Any CPU
		{1A4216F2-8919-432F-A46D-284AEC3B6459}.Release|Any CPU.ActiveCfg = Release|Any CPU
		{1A4216F2-8919-432F-A46D-284AEC3B6459}.Release|Any CPU.Build.0 = Release|Any CPU
		{1A4216F2-8919-432F-A46D-284AEC3B6459}.Release|x64.ActiveCfg = Release|Any CPU
		{1A4216F2-8919-432F-A46D-284AEC3B6459}.Release|x64.Build.0 = Release|Any CPU
		{1A4216F2-8919-432F-A46D-284AEC3B6459}.Release|x86.ActiveCfg = Release|Any CPU
		{1A4216F2-8919-432F-A46D-284AEC3B6459}.Release|x86.Build.0 = Release|Any CPU
		{6864379A-DE2F-43AE-A758-C1061DBFBB80}.Debug|Any CPU.ActiveCfg = Debug|Any CPU
		{6864379A-DE2F-43AE-A758-C1061DBFBB80}.Debug|Any CPU.Build.0 = Debug|Any CPU
		{6864379A-DE2F-43AE-A758-C1061DBFBB80}.Debug|x64.ActiveCfg = Debug|Any CPU
		{6864379A-DE2F-43AE-A758-C1061DBFBB80}.Debug|x64.Build.0 = Debug|Any CPU
		{6864379A-DE2F-43AE-A758-C1061DBFBB80}.Debug|x86.ActiveCfg = Debug|Any CPU
		{6864379A-DE2F-43AE-A758-C1061DBFBB80}.Debug|x86.Build.0 = Debug|Any CPU
		{6864379A-DE2F-43AE-A758-C1061DBFBB80}.Release|Any CPU.ActiveCfg = Release|Any CPU
		{6864379A-DE2F-43AE-A758-C1061DBFBB80}.Release|Any CPU.Build.0 = Release|Any CPU
		{6864379A-DE2F-43AE-A758-C1061DBFBB80}.Release|x64.ActiveCfg = Release|Any CPU
		{6864379A-DE2F-43AE-A758-C1061DBFBB80}.Release|x64.Build.0 = Release|Any CPU
		{6864379A-DE2F-43AE-A758-C1061DBFBB80}.Release|x86.ActiveCfg = Release|Any CPU
		{6864379A-DE2F-43AE-A758-C1061DBFBB80}.Release|x86.Build.0 = Release|Any CPU
		{720B06B5-F768-4A4F-BEED-65BBECCDA171}.Debug|Any CPU.ActiveCfg = Debug|Any CPU
		{720B06B5-F768-4A4F-BEED-65BBECCDA171}.Debug|Any CPU.Build.0 = Debug|Any CPU
		{720B06B5-F768-4A4F-BEED-65BBECCDA171}.Debug|x64.ActiveCfg = Debug|Any CPU
		{720B06B5-F768-4A4F-BEED-65BBECCDA171}.Debug|x64.Build.0 = Debug|Any CPU
		{720B06B5-F768-4A4F-BEED-65BBECCDA171}.Debug|x86.ActiveCfg = Debug|Any CPU
		{720B06B5-F768-4A4F-BEED-65BBECCDA171}.Debug|x86.Build.0 = Debug|Any CPU
		{720B06B5-F768-4A4F-BEED-65BBECCDA171}.Release|Any CPU.ActiveCfg = Release|Any CPU
		{720B06B5-F768-4A4F-BEED-65BBECCDA171}.Release|Any CPU.Build.0 = Release|Any CPU
		{720B06B5-F768-4A4F-BEED-65BBECCDA171}.Release|x64.ActiveCfg = Release|Any CPU
		{720B06B5-F768-4A4F-BEED-65BBECCDA171}.Release|x64.Build.0 = Release|Any CPU
		{720B06B5-F768-4A4F-BEED-65BBECCDA171}.Release|x86.ActiveCfg = Release|Any CPU
		{720B06B5-F768-4A4F-BEED-65BBECCDA171}.Release|x86.Build.0 = Release|Any CPU
		{3B074F46-E054-4406-A0B8-8C4F7A7B0E73}.Debug|Any CPU.ActiveCfg = Debug|Any CPU
		{3B074F46-E054-4406-A0B8-8C4F7A7B0E73}.Debug|Any CPU.Build.0 = Debug|Any CPU
		{3B074F46-E054-4406-A0B8-8C4F7A7B0E73}.Debug|x64.ActiveCfg = Debug|Any CPU
		{3B074F46-E054-4406-A0B8-8C4F7A7B0E73}.Debug|x64.Build.0 = Debug|Any CPU
		{3B074F46-E054-4406-A0B8-8C4F7A7B0E73}.Debug|x86.ActiveCfg = Debug|Any CPU
		{3B074F46-E054-4406-A0B8-8C4F7A7B0E73}.Debug|x86.Build.0 = Debug|Any CPU
		{3B074F46-E054-4406-A0B8-8C4F7A7B0E73}.Release|Any CPU.ActiveCfg = Release|Any CPU
		{3B074F46-E054-4406-A0B8-8C4F7A7B0E73}.Release|Any CPU.Build.0 = Release|Any CPU
		{3B074F46-E054-4406-A0B8-8C4F7A7B0E73}.Release|x64.ActiveCfg = Release|Any CPU
		{3B074F46-E054-4406-A0B8-8C4F7A7B0E73}.Release|x64.Build.0 = Release|Any CPU
		{3B074F46-E054-4406-A0B8-8C4F7A7B0E73}.Release|x86.ActiveCfg = Release|Any CPU
		{3B074F46-E054-4406-A0B8-8C4F7A7B0E73}.Release|x86.Build.0 = Release|Any CPU
		{7347203E-6CC8-4C82-8E74-9A58D8E536BC}.Debug|Any CPU.ActiveCfg = Debug|Any CPU
		{7347203E-6CC8-4C82-8E74-9A58D8E536BC}.Debug|Any CPU.Build.0 = Debug|Any CPU
		{7347203E-6CC8-4C82-8E74-9A58D8E536BC}.Debug|x64.ActiveCfg = Debug|Any CPU
		{7347203E-6CC8-4C82-8E74-9A58D8E536BC}.Debug|x64.Build.0 = Debug|Any CPU
		{7347203E-6CC8-4C82-8E74-9A58D8E536BC}.Debug|x86.ActiveCfg = Debug|Any CPU
		{7347203E-6CC8-4C82-8E74-9A58D8E536BC}.Debug|x86.Build.0 = Debug|Any CPU
		{7347203E-6CC8-4C82-8E74-9A58D8E536BC}.Release|Any CPU.ActiveCfg = Release|Any CPU
		{7347203E-6CC8-4C82-8E74-9A58D8E536BC}.Release|Any CPU.Build.0 = Release|Any CPU
		{7347203E-6CC8-4C82-8E74-9A58D8E536BC}.Release|x64.ActiveCfg = Release|Any CPU
		{7347203E-6CC8-4C82-8E74-9A58D8E536BC}.Release|x64.Build.0 = Release|Any CPU
		{7347203E-6CC8-4C82-8E74-9A58D8E536BC}.Release|x86.ActiveCfg = Release|Any CPU
		{7347203E-6CC8-4C82-8E74-9A58D8E536BC}.Release|x86.Build.0 = Release|Any CPU
		{A16973D1-9E24-463B-9231-FBBC5B5486CE}.Debug|Any CPU.ActiveCfg = Debug|Any CPU
		{A16973D1-9E24-463B-9231-FBBC5B5486CE}.Debug|Any CPU.Build.0 = Debug|Any CPU
		{A16973D1-9E24-463B-9231-FBBC5B5486CE}.Debug|x64.ActiveCfg = Debug|Any CPU
		{A16973D1-9E24-463B-9231-FBBC5B5486CE}.Debug|x64.Build.0 = Debug|Any CPU
		{A16973D1-9E24-463B-9231-FBBC5B5486CE}.Debug|x86.ActiveCfg = Debug|Any CPU
		{A16973D1-9E24-463B-9231-FBBC5B5486CE}.Debug|x86.Build.0 = Debug|Any CPU
		{A16973D1-9E24-463B-9231-FBBC5B5486CE}.Release|Any CPU.ActiveCfg = Release|Any CPU
		{A16973D1-9E24-463B-9231-FBBC5B5486CE}.Release|Any CPU.Build.0 = Release|Any CPU
		{A16973D1-9E24-463B-9231-FBBC5B5486CE}.Release|x64.ActiveCfg = Release|Any CPU
		{A16973D1-9E24-463B-9231-FBBC5B5486CE}.Release|x64.Build.0 = Release|Any CPU
		{A16973D1-9E24-463B-9231-FBBC5B5486CE}.Release|x86.ActiveCfg = Release|Any CPU
		{A16973D1-9E24-463B-9231-FBBC5B5486CE}.Release|x86.Build.0 = Release|Any CPU
		{F93B1C56-05FF-4B08-ACC2-6B1FDD2D11AD}.Debug|Any CPU.ActiveCfg = Debug|Any CPU
		{F93B1C56-05FF-4B08-ACC2-6B1FDD2D11AD}.Debug|Any CPU.Build.0 = Debug|Any CPU
		{F93B1C56-05FF-4B08-ACC2-6B1FDD2D11AD}.Debug|x64.ActiveCfg = Debug|Any CPU
		{F93B1C56-05FF-4B08-ACC2-6B1FDD2D11AD}.Debug|x64.Build.0 = Debug|Any CPU
		{F93B1C56-05FF-4B08-ACC2-6B1FDD2D11AD}.Debug|x86.ActiveCfg = Debug|Any CPU
		{F93B1C56-05FF-4B08-ACC2-6B1FDD2D11AD}.Debug|x86.Build.0 = Debug|Any CPU
		{F93B1C56-05FF-4B08-ACC2-6B1FDD2D11AD}.Release|Any CPU.ActiveCfg = Release|Any CPU
		{F93B1C56-05FF-4B08-ACC2-6B1FDD2D11AD}.Release|Any CPU.Build.0 = Release|Any CPU
		{F93B1C56-05FF-4B08-ACC2-6B1FDD2D11AD}.Release|x64.ActiveCfg = Release|Any CPU
		{F93B1C56-05FF-4B08-ACC2-6B1FDD2D11AD}.Release|x64.Build.0 = Release|Any CPU
		{F93B1C56-05FF-4B08-ACC2-6B1FDD2D11AD}.Release|x86.ActiveCfg = Release|Any CPU
		{F93B1C56-05FF-4B08-ACC2-6B1FDD2D11AD}.Release|x86.Build.0 = Release|Any CPU
	EndGlobalSection
	GlobalSection(SolutionProperties) = preSolution
		HideSolutionNode = FALSE
	EndGlobalSection
	GlobalSection(NestedProjects) = preSolution
		{CEEFA355-452A-4C58-9EF1-92CDB7602D65} = {8C7EB500-C813-4CB9-B389-E9ABDE9E1933}
		{E512732E-36D3-4D6A-978D-9EC32731EC4F} = {CEEFA355-452A-4C58-9EF1-92CDB7602D65}
		{2EF8DEB3-BCDA-4EB4-9ECD-30881783A627} = {8C7EB500-C813-4CB9-B389-E9ABDE9E1933}
		{70D21FA9-B5E5-4C67-AEA7-A9D3E41BE739} = {2EF8DEB3-BCDA-4EB4-9ECD-30881783A627}
		{B3FCF01B-A3CC-4938-BF60-4BEA8977EC34} = {CEEFA355-452A-4C58-9EF1-92CDB7602D65}
		{686943B3-68CA-46C5-BA89-31067FD0974B} = {B3FCF01B-A3CC-4938-BF60-4BEA8977EC34}
		{D778171C-A21D-4743-B616-5077F705AFA6} = {CEEFA355-452A-4C58-9EF1-92CDB7602D65}
		{DD67F3FF-CD8D-4E8B-A80C-CDB00D3D9039} = {8C7EB500-C813-4CB9-B389-E9ABDE9E1933}
		{E43C7681-6C70-4036-A0F9-B41F56D79D84} = {8C7EB500-C813-4CB9-B389-E9ABDE9E1933}
		{FA366A02-55E4-47D8-9133-D2FB8F9BBEC7} = {8C7EB500-C813-4CB9-B389-E9ABDE9E1933}
		{13FCF490-612F-4223-93D2-F1EAC7CF5955} = {8C7EB500-C813-4CB9-B389-E9ABDE9E1933}
		{ABABAA6A-099C-4BC1-BC84-89FCAABBFB25} = {CEEFA355-452A-4C58-9EF1-92CDB7602D65}
		{1A4216F2-8919-432F-A46D-284AEC3B6459} = {AF879C78-9F53-44DB-A4B6-81A532DFBA51}
		{6864379A-DE2F-43AE-A758-C1061DBFBB80} = {FA366A02-55E4-47D8-9133-D2FB8F9BBEC7}
		{720B06B5-F768-4A4F-BEED-65BBECCDA171} = {FA366A02-55E4-47D8-9133-D2FB8F9BBEC7}
		{3B074F46-E054-4406-A0B8-8C4F7A7B0E73} = {FA366A02-55E4-47D8-9133-D2FB8F9BBEC7}
		{7347203E-6CC8-4C82-8E74-9A58D8E536BC} = {E43C7681-6C70-4036-A0F9-B41F56D79D84}
		{A16973D1-9E24-463B-9231-FBBC5B5486CE} = {E43C7681-6C70-4036-A0F9-B41F56D79D84}
		{F93B1C56-05FF-4B08-ACC2-6B1FDD2D11AD} = {E43C7681-6C70-4036-A0F9-B41F56D79D84}
	EndGlobalSection
	GlobalSection(ExtensibilityGlobals) = postSolution
		SolutionGuid = {7D597A15-EDF6-4E31-BBF7-48A575416B2A}
	EndGlobalSection
EndGlobal
